// !$*UTF8*$!
{
	archiveVersion = 1;
	classes = {
	};
	objectVersion = 46;
	objects = {

/* Begin PBXBuildFile section */
		251179041D28F21F0008A36E /* Video.swift in Sources */ = {isa = PBXBuildFile; fileRef = 251179031D28F21F0008A36E /* Video.swift */; };
		259E08DA1D1122CD00795849 /* VideoPreviewView.xib in Resources */ = {isa = PBXBuildFile; fileRef = 259E08D91D1122CD00795849 /* VideoPreviewView.xib */; };
		259E08DC1D11237800795849 /* VideoPreviewerViewController.swift in Sources */ = {isa = PBXBuildFile; fileRef = 259E08DB1D11237800795849 /* VideoPreviewerViewController.swift */; };
		259E08E01D11F8A200795849 /* ProgressViewController.swift in Sources */ = {isa = PBXBuildFile; fileRef = 259E08DF1D11F8A200795849 /* ProgressViewController.swift */; };
		25B011631D2A450E00014985 /* TableViewCell.swift in Sources */ = {isa = PBXBuildFile; fileRef = 25B011621D2A450E00014985 /* TableViewCell.swift */; };
		25B011651D2A495A00014985 /* EmptyTableViewCell.swift in Sources */ = {isa = PBXBuildFile; fileRef = 25B011641D2A495A00014985 /* EmptyTableViewCell.swift */; };
		25C15D0E1D1226FA00ACB2CF /* ProgressIndicatorView.xib in Resources */ = {isa = PBXBuildFile; fileRef = 25C15D0D1D1226FA00ACB2CF /* ProgressIndicatorView.xib */; };
		25CDA8891D11195400E23022 /* AppDelegate.swift in Sources */ = {isa = PBXBuildFile; fileRef = 25CDA8881D11195400E23022 /* AppDelegate.swift */; };
		25CDA88B1D11195400E23022 /* MrgrViewController.swift in Sources */ = {isa = PBXBuildFile; fileRef = 25CDA88A1D11195400E23022 /* MrgrViewController.swift */; };
		25CDA88E1D11195400E23022 /* Mrgr.storyboard in Resources */ = {isa = PBXBuildFile; fileRef = 25CDA88C1D11195400E23022 /* Mrgr.storyboard */; };
		25CDA8901D11195400E23022 /* Assets.xcassets in Resources */ = {isa = PBXBuildFile; fileRef = 25CDA88F1D11195400E23022 /* Assets.xcassets */; };
		25CDA8931D11195400E23022 /* LaunchScreen.storyboard in Resources */ = {isa = PBXBuildFile; fileRef = 25CDA8911D11195400E23022 /* LaunchScreen.storyboard */; };
/* End PBXBuildFile section */

/* Begin PBXFileReference section */
		251179031D28F21F0008A36E /* Video.swift */ = {isa = PBXFileReference; fileEncoding = 4; lastKnownFileType = sourcecode.swift; path = Video.swift; sourceTree = "<group>"; };
		259E08D91D1122CD00795849 /* VideoPreviewView.xib */ = {isa = PBXFileReference; fileEncoding = 4; lastKnownFileType = file.xib; path = VideoPreviewView.xib; sourceTree = "<group>"; };
		259E08DB1D11237800795849 /* VideoPreviewerViewController.swift */ = {isa = PBXFileReference; fileEncoding = 4; lastKnownFileType = sourcecode.swift; path = VideoPreviewerViewController.swift; sourceTree = "<group>"; };
		259E08DF1D11F8A200795849 /* ProgressViewController.swift */ = {isa = PBXFileReference; fileEncoding = 4; lastKnownFileType = sourcecode.swift; path = ProgressViewController.swift; sourceTree = "<group>"; };
		25B011621D2A450E00014985 /* TableViewCell.swift */ = {isa = PBXFileReference; fileEncoding = 4; lastKnownFileType = sourcecode.swift; path = TableViewCell.swift; sourceTree = "<group>"; };
		25B011641D2A495A00014985 /* EmptyTableViewCell.swift */ = {isa = PBXFileReference; fileEncoding = 4; lastKnownFileType = sourcecode.swift; path = EmptyTableViewCell.swift; sourceTree = "<group>"; };
		25C15D0D1D1226FA00ACB2CF /* ProgressIndicatorView.xib */ = {isa = PBXFileReference; fileEncoding = 4; lastKnownFileType = file.xib; path = ProgressIndicatorView.xib; sourceTree = "<group>"; };
		25CDA8851D11195400E23022 /* mrgr.app */ = {isa = PBXFileReference; explicitFileType = wrapper.application; includeInIndex = 0; path = mrgr.app; sourceTree = BUILT_PRODUCTS_DIR; };
		25CDA8881D11195400E23022 /* AppDelegate.swift */ = {isa = PBXFileReference; lastKnownFileType = sourcecode.swift; path = AppDelegate.swift; sourceTree = "<group>"; };
		25CDA88A1D11195400E23022 /* MrgrViewController.swift */ = {isa = PBXFileReference; lastKnownFileType = sourcecode.swift; path = MrgrViewController.swift; sourceTree = "<group>"; };
		25CDA88D1D11195400E23022 /* Base */ = {isa = PBXFileReference; lastKnownFileType = file.storyboard; name = Base; path = Base.lproj/Mrgr.storyboard; sourceTree = "<group>"; };
		25CDA88F1D11195400E23022 /* Assets.xcassets */ = {isa = PBXFileReference; lastKnownFileType = folder.assetcatalog; path = Assets.xcassets; sourceTree = "<group>"; };
		25CDA8921D11195400E23022 /* Base */ = {isa = PBXFileReference; lastKnownFileType = file.storyboard; name = Base; path = Base.lproj/LaunchScreen.storyboard; sourceTree = "<group>"; };
		25CDA8941D11195400E23022 /* Info.plist */ = {isa = PBXFileReference; lastKnownFileType = text.plist.xml; path = Info.plist; sourceTree = "<group>"; };
/* End PBXFileReference section */

/* Begin PBXFrameworksBuildPhase section */
		25CDA8821D11195400E23022 /* Frameworks */ = {
			isa = PBXFrameworksBuildPhase;
			buildActionMask = 2147483647;
			files = (
			);
			runOnlyForDeploymentPostprocessing = 0;
		};
/* End PBXFrameworksBuildPhase section */

/* Begin PBXGroup section */
		251179021D28F20F0008A36E /* Models */ = {
			isa = PBXGroup;
			children = (
				251179031D28F21F0008A36E /* Video.swift */,
			);
			name = Models;
			sourceTree = "<group>";
		};
		259E08D61D11226200795849 /* Controllers */ = {
			isa = PBXGroup;
			children = (
				25CDA88A1D11195400E23022 /* MrgrViewController.swift */,
				259E08DB1D11237800795849 /* VideoPreviewerViewController.swift */,
				259E08DF1D11F8A200795849 /* ProgressViewController.swift */,
				25B011621D2A450E00014985 /* TableViewCell.swift */,
				25B011641D2A495A00014985 /* EmptyTableViewCell.swift */,
			);
			name = Controllers;
			sourceTree = "<group>";
		};
		259E08D71D11226D00795849 /* Supporting Files */ = {
			isa = PBXGroup;
			children = (
				25CDA8881D11195400E23022 /* AppDelegate.swift */,
				25CDA8941D11195400E23022 /* Info.plist */,
			);
			name = "Supporting Files";
			sourceTree = "<group>";
		};
		259E08D81D11228800795849 /* Views */ = {
			isa = PBXGroup;
			children = (
				25CDA88C1D11195400E23022 /* Mrgr.storyboard */,
				259E08D91D1122CD00795849 /* VideoPreviewView.xib */,
				25CDA88F1D11195400E23022 /* Assets.xcassets */,
				25CDA8911D11195400E23022 /* LaunchScreen.storyboard */,
				25C15D0D1D1226FA00ACB2CF /* ProgressIndicatorView.xib */,
			);
			name = Views;
			sourceTree = "<group>";
		};
		25CDA87C1D11195400E23022 = {
			isa = PBXGroup;
			children = (
				25CDA8871D11195400E23022 /* mrgr */,
				25CDA8861D11195400E23022 /* Products */,
			);
			sourceTree = "<group>";
		};
		25CDA8861D11195400E23022 /* Products */ = {
			isa = PBXGroup;
			children = (
				25CDA8851D11195400E23022 /* mrgr.app */,
			);
			name = Products;
			sourceTree = "<group>";
		};
		25CDA8871D11195400E23022 /* mrgr */ = {
			isa = PBXGroup;
			children = (
				251179021D28F20F0008A36E /* Models */,
				259E08D81D11228800795849 /* Views */,
				259E08D61D11226200795849 /* Controllers */,
				259E08D71D11226D00795849 /* Supporting Files */,
			);
			path = mrgr;
			sourceTree = "<group>";
		};
/* End PBXGroup section */

/* Begin PBXNativeTarget section */
		25CDA8841D11195400E23022 /* mrgr */ = {
			isa = PBXNativeTarget;
			buildConfigurationList = 25CDA8971D11195400E23022 /* Build configuration list for PBXNativeTarget "mrgr" */;
			buildPhases = (
				25CDA8811D11195400E23022 /* Sources */,
				25CDA8821D11195400E23022 /* Frameworks */,
				25CDA8831D11195400E23022 /* Resources */,
			);
			buildRules = (
			);
			dependencies = (
			);
			name = mrgr;
			productName = mrgr;
			productReference = 25CDA8851D11195400E23022 /* mrgr.app */;
			productType = "com.apple.product-type.application";
		};
/* End PBXNativeTarget section */

/* Begin PBXProject section */
		25CDA87D1D11195400E23022 /* Project object */ = {
			isa = PBXProject;
			attributes = {
				LastSwiftUpdateCheck = 0730;
				LastUpgradeCheck = 0730;
				ORGANIZATIONNAME = "Blake Barrett";
				TargetAttributes = {
					25CDA8841D11195400E23022 = {
						CreatedOnToolsVersion = 7.3;
						LastSwiftMigration = 0800;
					};
				};
			};
			buildConfigurationList = 25CDA8801D11195400E23022 /* Build configuration list for PBXProject "mrgr" */;
			compatibilityVersion = "Xcode 3.2";
			developmentRegion = English;
			hasScannedForEncodings = 0;
			knownRegions = (
				en,
				Base,
			);
			mainGroup = 25CDA87C1D11195400E23022;
			productRefGroup = 25CDA8861D11195400E23022 /* Products */;
			projectDirPath = "";
			projectRoot = "";
			targets = (
				25CDA8841D11195400E23022 /* mrgr */,
			);
		};
/* End PBXProject section */

/* Begin PBXResourcesBuildPhase section */
		25CDA8831D11195400E23022 /* Resources */ = {
			isa = PBXResourcesBuildPhase;
			buildActionMask = 2147483647;
			files = (
				25CDA8931D11195400E23022 /* LaunchScreen.storyboard in Resources */,
				259E08DA1D1122CD00795849 /* VideoPreviewView.xib in Resources */,
				25CDA8901D11195400E23022 /* Assets.xcassets in Resources */,
				25C15D0E1D1226FA00ACB2CF /* ProgressIndicatorView.xib in Resources */,
				25CDA88E1D11195400E23022 /* Mrgr.storyboard in Resources */,
			);
			runOnlyForDeploymentPostprocessing = 0;
		};
/* End PBXResourcesBuildPhase section */

/* Begin PBXSourcesBuildPhase section */
		25CDA8811D11195400E23022 /* Sources */ = {
			isa = PBXSourcesBuildPhase;
			buildActionMask = 2147483647;
			files = (
				259E08DC1D11237800795849 /* VideoPreviewerViewController.swift in Sources */,
				25CDA88B1D11195400E23022 /* MrgrViewController.swift in Sources */,
				25CDA8891D11195400E23022 /* AppDelegate.swift in Sources */,
				25B011631D2A450E00014985 /* TableViewCell.swift in Sources */,
				259E08E01D11F8A200795849 /* ProgressViewController.swift in Sources */,
				25B011651D2A495A00014985 /* EmptyTableViewCell.swift in Sources */,
				251179041D28F21F0008A36E /* Video.swift in Sources */,
			);
			runOnlyForDeploymentPostprocessing = 0;
		};
/* End PBXSourcesBuildPhase section */

/* Begin PBXVariantGroup section */
		25CDA88C1D11195400E23022 /* Mrgr.storyboard */ = {
			isa = PBXVariantGroup;
			children = (
				25CDA88D1D11195400E23022 /* Base */,
			);
			name = Mrgr.storyboard;
			sourceTree = "<group>";
		};
		25CDA8911D11195400E23022 /* LaunchScreen.storyboard */ = {
			isa = PBXVariantGroup;
			children = (
				25CDA8921D11195400E23022 /* Base */,
			);
			name = LaunchScreen.storyboard;
			sourceTree = "<group>";
		};
/* End PBXVariantGroup section */

/* Begin XCBuildConfiguration section */
		25CDA8951D11195400E23022 /* Debug */ = {
			isa = XCBuildConfiguration;
			buildSettings = {
				ALWAYS_SEARCH_USER_PATHS = NO;
				CLANG_ANALYZER_NONNULL = YES;
				CLANG_CXX_LANGUAGE_STANDARD = "gnu++0x";
				CLANG_CXX_LIBRARY = "libc++";
				CLANG_ENABLE_MODULES = YES;
				CLANG_ENABLE_OBJC_ARC = YES;
				CLANG_WARN_BOOL_CONVERSION = YES;
				CLANG_WARN_CONSTANT_CONVERSION = YES;
				CLANG_WARN_DIRECT_OBJC_ISA_USAGE = YES_ERROR;
				CLANG_WARN_EMPTY_BODY = YES;
				CLANG_WARN_ENUM_CONVERSION = YES;
				CLANG_WARN_INT_CONVERSION = YES;
				CLANG_WARN_OBJC_ROOT_CLASS = YES_ERROR;
				CLANG_WARN_UNREACHABLE_CODE = YES;
				CLANG_WARN__DUPLICATE_METHOD_MATCH = YES;
				"CODE_SIGN_IDENTITY[sdk=iphoneos*]" = "iPhone Developer";
				COPY_PHASE_STRIP = NO;
				DEBUG_INFORMATION_FORMAT = dwarf;
				ENABLE_STRICT_OBJC_MSGSEND = YES;
				ENABLE_TESTABILITY = YES;
				GCC_C_LANGUAGE_STANDARD = gnu99;
				GCC_DYNAMIC_NO_PIC = NO;
				GCC_NO_COMMON_BLOCKS = YES;
				GCC_OPTIMIZATION_LEVEL = 0;
				GCC_PREPROCESSOR_DEFINITIONS = (
					"DEBUG=1",
					"$(inherited)",
				);
				GCC_WARN_64_TO_32_BIT_CONVERSION = YES;
				GCC_WARN_ABOUT_RETURN_TYPE = YES_ERROR;
				GCC_WARN_UNDECLARED_SELECTOR = YES;
				GCC_WARN_UNINITIALIZED_AUTOS = YES_AGGRESSIVE;
				GCC_WARN_UNUSED_FUNCTION = YES;
				GCC_WARN_UNUSED_VARIABLE = YES;
				IPHONEOS_DEPLOYMENT_TARGET = 8.0;
				MTL_ENABLE_DEBUG_INFO = YES;
				ONLY_ACTIVE_ARCH = YES;
				SDKROOT = iphoneos;
				SWIFT_OPTIMIZATION_LEVEL = "-Onone";
				TARGETED_DEVICE_FAMILY = "1,2";
			};
			name = Debug;
		};
		25CDA8961D11195400E23022 /* Release */ = {
			isa = XCBuildConfiguration;
			buildSettings = {
				ALWAYS_SEARCH_USER_PATHS = NO;
				CLANG_ANALYZER_NONNULL = YES;
				CLANG_CXX_LANGUAGE_STANDARD = "gnu++0x";
				CLANG_CXX_LIBRARY = "libc++";
				CLANG_ENABLE_MODULES = YES;
				CLANG_ENABLE_OBJC_ARC = YES;
				CLANG_WARN_BOOL_CONVERSION = YES;
				CLANG_WARN_CONSTANT_CONVERSION = YES;
				CLANG_WARN_DIRECT_OBJC_ISA_USAGE = YES_ERROR;
				CLANG_WARN_EMPTY_BODY = YES;
				CLANG_WARN_ENUM_CONVERSION = YES;
				CLANG_WARN_INT_CONVERSION = YES;
				CLANG_WARN_OBJC_ROOT_CLASS = YES_ERROR;
				CLANG_WARN_UNREACHABLE_CODE = YES;
				CLANG_WARN__DUPLICATE_METHOD_MATCH = YES;
				"CODE_SIGN_IDENTITY[sdk=iphoneos*]" = "iPhone Developer";
				COPY_PHASE_STRIP = NO;
				DEBUG_INFORMATION_FORMAT = "dwarf-with-dsym";
				ENABLE_NS_ASSERTIONS = NO;
				ENABLE_STRICT_OBJC_MSGSEND = YES;
				GCC_C_LANGUAGE_STANDARD = gnu99;
				GCC_NO_COMMON_BLOCKS = YES;
				GCC_WARN_64_TO_32_BIT_CONVERSION = YES;
				GCC_WARN_ABOUT_RETURN_TYPE = YES_ERROR;
				GCC_WARN_UNDECLARED_SELECTOR = YES;
				GCC_WARN_UNINITIALIZED_AUTOS = YES_AGGRESSIVE;
				GCC_WARN_UNUSED_FUNCTION = YES;
				GCC_WARN_UNUSED_VARIABLE = YES;
				IPHONEOS_DEPLOYMENT_TARGET = 8.0;
				MTL_ENABLE_DEBUG_INFO = NO;
				SDKROOT = iphoneos;
				TARGETED_DEVICE_FAMILY = "1,2";
				VALIDATE_PRODUCT = YES;
			};
			name = Release;
		};
		25CDA8981D11195400E23022 /* Debug */ = {
			isa = XCBuildConfiguration;
			buildSettings = {
				ASSETCATALOG_COMPILER_APPICON_NAME = AppIcon;
				INFOPLIST_FILE = mrgr/Info.plist;
				LD_RUNPATH_SEARCH_PATHS = "$(inherited) @executable_path/Frameworks";
				PRODUCT_BUNDLE_IDENTIFIER = com.blakebarrett.mrgr;
				PRODUCT_NAME = "$(TARGET_NAME)";
				SWIFT_VERSION = 3.0;
			};
			name = Debug;
		};
		25CDA8991D11195400E23022 /* Release */ = {
			isa = XCBuildConfiguration;
			buildSettings = {
				ASSETCATALOG_COMPILER_APPICON_NAME = AppIcon;
				INFOPLIST_FILE = mrgr/Info.plist;
				LD_RUNPATH_SEARCH_PATHS = "$(inherited) @executable_path/Frameworks";
				PRODUCT_BUNDLE_IDENTIFIER = com.blakebarrett.mrgr;
				PRODUCT_NAME = "$(TARGET_NAME)";
				SWIFT_VERSION = 3.0;
			};
			name = Release;
		};
/* End XCBuildConfiguration section */

/* Begin XCConfigurationList section */
		25CDA8801D11195400E23022 /* Build configuration list for PBXProject "mrgr" */ = {
			isa = XCConfigurationList;
			buildConfigurations = (
				25CDA8951D11195400E23022 /* Debug */,
				25CDA8961D11195400E23022 /* Release */,
			);
			defaultConfigurationIsVisible = 0;
			defaultConfigurationName = Release;
		};
		25CDA8971D11195400E23022 /* Build configuration list for PBXNativeTarget "mrgr" */ = {
			isa = XCConfigurationList;
			buildConfigurations = (
				25CDA8981D11195400E23022 /* Debug */,
				25CDA8991D11195400E23022 /* Release */,
			);
			defaultConfigurationIsVisible = 0;
			defaultConfigurationName = Release;
		};
/* End XCConfigurationList section */
	};
	rootObject = 25CDA87D1D11195400E23022 /* Project object */;
}
